
Microsoft Visual Studio Solution File, Format Version 12.00
# Visual Studio Version 17
VisualStudioVersion = 17.13.35825.156 d17.13
MinimumVisualStudioVersion = 10.0.40219.1
Project("{FAE04EC0-301F-11D3-BF4B-00C04F79EFBC}") = "Projeto Liga Tabajara", "Projeto Liga Tabajara\Projeto Liga Tabajara.csproj", "{B699A3A1-0F00-413D-997F-6680904F6ED4}"
EndProject
Global
	GlobalSection(SolutionConfigurationPlatforms) = preSolution
		Debug|Any CPU = Debug|Any CPU
		Release|Any CPU = Release|Any CPU
	EndGlobalSection
	GlobalSection(ProjectConfigurationPlatforms) = postSolution
		{B699A3A1-0F00-413D-997F-6680904F6ED4}.Debug|Any CPU.ActiveCfg = Debug|Any CPU
		{B699A3A1-0F00-413D-997F-6680904F6ED4}.Debug|Any CPU.Build.0 = Debug|Any CPU
		{B699A3A1-0F00-413D-997F-6680904F6ED4}.Release|Any CPU.ActiveCfg = Release|Any CPU
		{B699A3A1-0F00-413D-997F-6680904F6ED4}.Release|Any CPU.Build.0 = Release|Any CPU
	EndGlobalSection
	GlobalSection(SolutionProperties) = preSolution
		HideSolutionNode = FALSE
	EndGlobalSection
	GlobalSection(ExtensibilityGlobals) = postSolution
		SolutionGuid = {B3A4822E-B319-40EA-B562-39F82D95CCB1}
	EndGlobalSection
EndGlobal
